
Microsoft Visual Studio Solution File, Format Version 12.00
# Visual Studio Version 17
VisualStudioVersion = 17.14.36408.4 d17.14
MinimumVisualStudioVersion = 10.0.40219.1
Project("{FAE04EC0-301F-11D3-BF4B-00C04F79EFBC}") = "Lab02", "Lab02.csproj", "{B3AF2DA2-028B-48A2-9561-0E22BAFD80DF}"
EndProject
Global
	GlobalSection(SolutionConfigurationPlatforms) = preSolution
		Debug|Any CPU = Debug|Any CPU
		Release|Any CPU = Release|Any CPU
	EndGlobalSection
	GlobalSection(ProjectConfigurationPlatforms) = postSolution
		{B3AF2DA2-028B-48A2-9561-0E22BAFD80DF}.Debug|Any CPU.ActiveCfg = Debug|Any CPU
		{B3AF2DA2-028B-48A2-9561-0E22BAFD80DF}.Debug|Any CPU.Build.0 = Debug|Any CPU
		{B3AF2DA2-028B-48A2-9561-0E22BAFD80DF}.Release|Any CPU.ActiveCfg = Release|Any CPU
		{B3AF2DA2-028B-48A2-9561-0E22BAFD80DF}.Release|Any CPU.Build.0 = Release|Any CPU
	EndGlobalSection
	GlobalSection(SolutionProperties) = preSolution
		HideSolutionNode = FALSE
	EndGlobalSection
	GlobalSection(ExtensibilityGlobals) = postSolution
		SolutionGuid = {AF5EA578-8463-46F3-B22A-9A0B75A61AF8}
	EndGlobalSection
EndGlobal
